
Microsoft Visual Studio Solution File, Format Version 12.00
# Visual Studio Version 17
VisualStudioVersion = 17.1.32319.34
MinimumVisualStudioVersion = 10.0.40219.1
Project("{FAE04EC0-301F-11D3-BF4B-00C04F79EFBC}") = "ListaPilhaDL", "FIFO_DobleLinkedList\ListaPilhaDL.csproj", "{6B012B2A-03E4-457A-93F1-C02B4124A879}"
EndProject
Global
	GlobalSection(SolutionConfigurationPlatforms) = preSolution
		Debug|Any CPU = Debug|Any CPU
		Release|Any CPU = Release|Any CPU
	EndGlobalSection
	GlobalSection(ProjectConfigurationPlatforms) = postSolution
		{6B012B2A-03E4-457A-93F1-C02B4124A879}.Debug|Any CPU.ActiveCfg = Debug|Any CPU
		{6B012B2A-03E4-457A-93F1-C02B4124A879}.Debug|Any CPU.Build.0 = Debug|Any CPU
		{6B012B2A-03E4-457A-93F1-C02B4124A879}.Release|Any CPU.ActiveCfg = Release|Any CPU
		{6B012B2A-03E4-457A-93F1-C02B4124A879}.Release|Any CPU.Build.0 = Release|Any CPU
	EndGlobalSection
	GlobalSection(SolutionProperties) = preSolution
		HideSolutionNode = FALSE
	EndGlobalSection
	GlobalSection(ExtensibilityGlobals) = postSolution
		SolutionGuid = {B6635C67-45D6-4FEA-9C3C-663B9DFA6121}
	EndGlobalSection
EndGlobal
